
Microsoft Visual Studio Solution File, Format Version 11.00
# Visual C++ Express 2010
Project("{8BC9CEB8-8B4A-11D0-8D11-00A0C91BC942}") = "Client", "Client\Client.vcxproj", "{553E2F91-9C6D-4326-8386-E427C9735EBD}"
EndProject
Project("{8BC9CEB8-8B4A-11D0-8D11-00A0C91BC942}") = "Server", "Server\Server.vcxproj", "{59F0A149-849B-4DD3-B3D6-BB962153BE35}"
EndProject
Global
	GlobalSection(SolutionConfigurationPlatforms) = preSolution
		Debug|Win32 = Debug|Win32
		Release|Win32 = Release|Win32
	EndGlobalSection
	GlobalSection(ProjectConfigurationPlatforms) = postSolution
		{553E2F91-9C6D-4326-8386-E427C9735EBD}.Debug|Win32.ActiveCfg = Debug|Win32
		{553E2F91-9C6D-4326-8386-E427C9735EBD}.Debug|Win32.Build.0 = Debug|Win32
		{553E2F91-9C6D-4326-8386-E427C9735EBD}.Release|Win32.ActiveCfg = Release|Win32
		{553E2F91-9C6D-4326-8386-E427C9735EBD}.Release|Win32.Build.0 = Release|Win32
		{59F0A149-849B-4DD3-B3D6-BB962153BE35}.Debug|Win32.ActiveCfg = Debug|Win32
		{59F0A149-849B-4DD3-B3D6-BB962153BE35}.Debug|Win32.Build.0 = Debug|Win32
		{59F0A149-849B-4DD3-B3D6-BB962153BE35}.Release|Win32.ActiveCfg = Release|Win32
		{59F0A149-849B-4DD3-B3D6-BB962153BE35}.Release|Win32.Build.0 = Release|Win32
	EndGlobalSection
	GlobalSection(SolutionProperties) = preSolution
		HideSolutionNode = FALSE
	EndGlobalSection
EndGlobal
